// !$*UTF8*$!
{
	archiveVersion = 1;
	classes = {
	};
	objectVersion = 46;
	objects = {

/* Begin PBXBuildFile section */
		9E9D53D919967455006C1DB6 /* Cocoa.framework in Frameworks */ = {isa = PBXBuildFile; fileRef = 9E9D53D819967455006C1DB6 /* Cocoa.framework */; };
		9E9D53E319967455006C1DB6 /* InfoPlist.strings in Resources */ = {isa = PBXBuildFile; fileRef = 9E9D53E119967455006C1DB6 /* InfoPlist.strings */; };
		9E9D53E719967456006C1DB6 /* SVNKit.m in Sources */ = {isa = PBXBuildFile; fileRef = 9E9D53E619967456006C1DB6 /* SVNKit.m */; };
		9E9D53EE19967456006C1DB6 /* XCTest.framework in Frameworks */ = {isa = PBXBuildFile; fileRef = 9E9D53ED19967456006C1DB6 /* XCTest.framework */; };
		9E9D53EF19967456006C1DB6 /* Cocoa.framework in Frameworks */ = {isa = PBXBuildFile; fileRef = 9E9D53D819967455006C1DB6 /* Cocoa.framework */; };
		9E9D53F219967456006C1DB6 /* SVNKit.framework in Frameworks */ = {isa = PBXBuildFile; fileRef = 9E9D53D519967455006C1DB6 /* SVNKit.framework */; };
		9E9D53F819967456006C1DB6 /* InfoPlist.strings in Resources */ = {isa = PBXBuildFile; fileRef = 9E9D53F619967456006C1DB6 /* InfoPlist.strings */; };
		9E9D53FA19967456006C1DB6 /* SVNKitTests.m in Sources */ = {isa = PBXBuildFile; fileRef = 9E9D53F919967456006C1DB6 /* SVNKitTests.m */; };
		9E9D54081996765B006C1DB6 /* APRManager.h in Headers */ = {isa = PBXBuildFile; fileRef = 9E9D54061996765B006C1DB6 /* APRManager.h */; };
		9E9D54091996765B006C1DB6 /* APRManager.m in Sources */ = {isa = PBXBuildFile; fileRef = 9E9D54071996765B006C1DB6 /* APRManager.m */; };
		9E9D540C199677AB006C1DB6 /* APRPool.h in Headers */ = {isa = PBXBuildFile; fileRef = 9E9D540A199677AB006C1DB6 /* APRPool.h */; };
		9E9D540D199677AB006C1DB6 /* APRPool.m in Sources */ = {isa = PBXBuildFile; fileRef = 9E9D540B199677AB006C1DB6 /* APRPool.m */; };
		9E9D541019967E29006C1DB6 /* SVNClient.h in Headers */ = {isa = PBXBuildFile; fileRef = 9E9D540E19967E29006C1DB6 /* SVNClient.h */; };
		9E9D541119967E29006C1DB6 /* SVNClient.m in Sources */ = {isa = PBXBuildFile; fileRef = 9E9D540F19967E29006C1DB6 /* SVNClient.m */; };
		9E9D5415199682CB006C1DB6 /* SVNOperation.h in Headers */ = {isa = PBXBuildFile; fileRef = 9E9D5413199682CB006C1DB6 /* SVNOperation.h */; };
		9E9D5416199682CB006C1DB6 /* SVNOperation.m in Sources */ = {isa = PBXBuildFile; fileRef = 9E9D5414199682CB006C1DB6 /* SVNOperation.m */; };
		9E9D541919968305006C1DB6 /* SVNCheckoutOperation.h in Headers */ = {isa = PBXBuildFile; fileRef = 9E9D541719968305006C1DB6 /* SVNCheckoutOperation.h */; };
		9E9D541A19968305006C1DB6 /* SVNCheckoutOperation.m in Sources */ = {isa = PBXBuildFile; fileRef = 9E9D541819968305006C1DB6 /* SVNCheckoutOperation.m */; };
		9E9D541D1996841E006C1DB6 /* SVNRevision.h in Headers */ = {isa = PBXBuildFile; fileRef = 9E9D541B1996841E006C1DB6 /* SVNRevision.h */; };
		9E9D541E1996841E006C1DB6 /* SVNRevision.m in Sources */ = {isa = PBXBuildFile; fileRef = 9E9D541C1996841E006C1DB6 /* SVNRevision.m */; };
		9E9D5421199685D1006C1DB6 /* SVNError.h in Headers */ = {isa = PBXBuildFile; fileRef = 9E9D541F199685D1006C1DB6 /* SVNError.h */; };
		9E9D5422199685D1006C1DB6 /* SVNError.m in Sources */ = {isa = PBXBuildFile; fileRef = 9E9D5420199685D1006C1DB6 /* SVNError.m */; };
		CDEFCD7D1996AB930080F22C /* SVNNotification.h in Headers */ = {isa = PBXBuildFile; fileRef = CDEFCD7B1996AB930080F22C /* SVNNotification.h */; };
		CDEFCD7E1996AB930080F22C /* SVNNotification.m in Sources */ = {isa = PBXBuildFile; fileRef = CDEFCD7C1996AB930080F22C /* SVNNotification.m */; };
		CDEFCD821996B3EE0080F22C /* SVNAuthenticationProvider.h in Headers */ = {isa = PBXBuildFile; fileRef = CDEFCD801996B3EE0080F22C /* SVNAuthenticationProvider.h */; };
		CDEFCD831996B3EE0080F22C /* SVNAuthenticationProvider.m in Sources */ = {isa = PBXBuildFile; fileRef = CDEFCD811996B3EE0080F22C /* SVNAuthenticationProvider.m */; };
		CDEFCD861996BA680080F22C /* SVNAuthenticationCredentials.h in Headers */ = {isa = PBXBuildFile; fileRef = CDEFCD841996BA680080F22C /* SVNAuthenticationCredentials.h */; };
		CDEFCD871996BA680080F22C /* SVNAuthenticationCredentials.m in Sources */ = {isa = PBXBuildFile; fileRef = CDEFCD851996BA680080F22C /* SVNAuthenticationCredentials.m */; };
		CDEFCD8A1996DA530080F22C /* SVNListOperation.h in Headers */ = {isa = PBXBuildFile; fileRef = CDEFCD881996DA530080F22C /* SVNListOperation.h */; };
		CDEFCD8B1996DA530080F22C /* SVNListOperation.m in Sources */ = {isa = PBXBuildFile; fileRef = CDEFCD891996DA530080F22C /* SVNListOperation.m */; };
		CDEFCD8E1996DE120080F22C /* SVNDirectoryEntry.h in Headers */ = {isa = PBXBuildFile; fileRef = CDEFCD8C1996DE120080F22C /* SVNDirectoryEntry.h */; };
		CDEFCD8F1996DE120080F22C /* SVNDirectoryEntry.m in Sources */ = {isa = PBXBuildFile; fileRef = CDEFCD8D1996DE120080F22C /* SVNDirectoryEntry.m */; };
		CDEFCD921996E47C0080F22C /* SVNStatusOperation.h in Headers */ = {isa = PBXBuildFile; fileRef = CDEFCD901996E47C0080F22C /* SVNStatusOperation.h */; };
		CDEFCD931996E47C0080F22C /* SVNStatusOperation.m in Sources */ = {isa = PBXBuildFile; fileRef = CDEFCD911996E47C0080F22C /* SVNStatusOperation.m */; };
		CDEFCD961996E81D0080F22C /* SVNStatus.h in Headers */ = {isa = PBXBuildFile; fileRef = CDEFCD941996E81D0080F22C /* SVNStatus.h */; };
		CDEFCD971996E81D0080F22C /* SVNStatus.m in Sources */ = {isa = PBXBuildFile; fileRef = CDEFCD951996E81D0080F22C /* SVNStatus.m */; };
		CDEFCD9A1996F4360080F22C /* SVNInfoOperation.h in Headers */ = {isa = PBXBuildFile; fileRef = CDEFCD981996F4360080F22C /* SVNInfoOperation.h */; };
		CDEFCD9B1996F4360080F22C /* SVNInfoOperation.m in Sources */ = {isa = PBXBuildFile; fileRef = CDEFCD991996F4360080F22C /* SVNInfoOperation.m */; };
		CDEFCD9E1996F4AA0080F22C /* SVNInfo.h in Headers */ = {isa = PBXBuildFile; fileRef = CDEFCD9C1996F4AA0080F22C /* SVNInfo.h */; };
		CDEFCD9F1996F4AA0080F22C /* SVNInfo.m in Sources */ = {isa = PBXBuildFile; fileRef = CDEFCD9D1996F4AA0080F22C /* SVNInfo.m */; };
/* End PBXBuildFile section */

/* Begin PBXContainerItemProxy section */
		9E9D53F019967456006C1DB6 /* PBXContainerItemProxy */ = {
			isa = PBXContainerItemProxy;
			containerPortal = 9E9D53CC19967455006C1DB6 /* Project object */;
			proxyType = 1;
			remoteGlobalIDString = 9E9D53D419967455006C1DB6;
			remoteInfo = SVNKit;
		};
/* End PBXContainerItemProxy section */

/* Begin PBXFileReference section */
		9E9D53D519967455006C1DB6 /* SVNKit.framework */ = {isa = PBXFileReference; explicitFileType = wrapper.framework; includeInIndex = 0; path = SVNKit.framework; sourceTree = BUILT_PRODUCTS_DIR; };
		9E9D53D819967455006C1DB6 /* Cocoa.framework */ = {isa = PBXFileReference; lastKnownFileType = wrapper.framework; name = Cocoa.framework; path = System/Library/Frameworks/Cocoa.framework; sourceTree = SDKROOT; };
		9E9D53DB19967455006C1DB6 /* Foundation.framework */ = {isa = PBXFileReference; lastKnownFileType = wrapper.framework; name = Foundation.framework; path = System/Library/Frameworks/Foundation.framework; sourceTree = SDKROOT; };
		9E9D53DC19967455006C1DB6 /* CoreData.framework */ = {isa = PBXFileReference; lastKnownFileType = wrapper.framework; name = CoreData.framework; path = System/Library/Frameworks/CoreData.framework; sourceTree = SDKROOT; };
		9E9D53DD19967455006C1DB6 /* AppKit.framework */ = {isa = PBXFileReference; lastKnownFileType = wrapper.framework; name = AppKit.framework; path = System/Library/Frameworks/AppKit.framework; sourceTree = SDKROOT; };
		9E9D53E019967455006C1DB6 /* SVNKit-Info.plist */ = {isa = PBXFileReference; lastKnownFileType = text.plist.xml; path = "SVNKit-Info.plist"; sourceTree = "<group>"; };
		9E9D53E219967455006C1DB6 /* en */ = {isa = PBXFileReference; lastKnownFileType = text.plist.strings; name = en; path = en.lproj/InfoPlist.strings; sourceTree = "<group>"; };
		9E9D53E419967455006C1DB6 /* SVNKit-Prefix.pch */ = {isa = PBXFileReference; lastKnownFileType = sourcecode.c.h; path = "SVNKit-Prefix.pch"; sourceTree = "<group>"; };
		9E9D53E519967456006C1DB6 /* SVNKit.h */ = {isa = PBXFileReference; lastKnownFileType = sourcecode.c.h; path = SVNKit.h; sourceTree = "<group>"; };
		9E9D53E619967456006C1DB6 /* SVNKit.m */ = {isa = PBXFileReference; lastKnownFileType = sourcecode.c.objc; path = SVNKit.m; sourceTree = "<group>"; };
		9E9D53EC19967456006C1DB6 /* SVNKitTests.xctest */ = {isa = PBXFileReference; explicitFileType = wrapper.cfbundle; includeInIndex = 0; path = SVNKitTests.xctest; sourceTree = BUILT_PRODUCTS_DIR; };
		9E9D53ED19967456006C1DB6 /* XCTest.framework */ = {isa = PBXFileReference; lastKnownFileType = wrapper.framework; name = XCTest.framework; path = Library/Frameworks/XCTest.framework; sourceTree = DEVELOPER_DIR; };
		9E9D53F519967456006C1DB6 /* SVNKitTests-Info.plist */ = {isa = PBXFileReference; lastKnownFileType = text.plist.xml; path = "SVNKitTests-Info.plist"; sourceTree = "<group>"; };
		9E9D53F719967456006C1DB6 /* en */ = {isa = PBXFileReference; lastKnownFileType = text.plist.strings; name = en; path = en.lproj/InfoPlist.strings; sourceTree = "<group>"; };
		9E9D53F919967456006C1DB6 /* SVNKitTests.m */ = {isa = PBXFileReference; lastKnownFileType = sourcecode.c.objc; path = SVNKitTests.m; sourceTree = "<group>"; };
		9E9D54061996765B006C1DB6 /* APRManager.h */ = {isa = PBXFileReference; fileEncoding = 4; lastKnownFileType = sourcecode.c.h; path = APRManager.h; sourceTree = "<group>"; };
		9E9D54071996765B006C1DB6 /* APRManager.m */ = {isa = PBXFileReference; fileEncoding = 4; lastKnownFileType = sourcecode.c.objc; path = APRManager.m; sourceTree = "<group>"; };
		9E9D540A199677AB006C1DB6 /* APRPool.h */ = {isa = PBXFileReference; fileEncoding = 4; lastKnownFileType = sourcecode.c.h; path = APRPool.h; sourceTree = "<group>"; };
		9E9D540B199677AB006C1DB6 /* APRPool.m */ = {isa = PBXFileReference; fileEncoding = 4; lastKnownFileType = sourcecode.c.objc; path = APRPool.m; sourceTree = "<group>"; };
		9E9D540E19967E29006C1DB6 /* SVNClient.h */ = {isa = PBXFileReference; fileEncoding = 4; lastKnownFileType = sourcecode.c.h; path = SVNClient.h; sourceTree = "<group>"; };
		9E9D540F19967E29006C1DB6 /* SVNClient.m */ = {isa = PBXFileReference; fileEncoding = 4; lastKnownFileType = sourcecode.c.objc; path = SVNClient.m; sourceTree = "<group>"; };
		9E9D5413199682CB006C1DB6 /* SVNOperation.h */ = {isa = PBXFileReference; fileEncoding = 4; lastKnownFileType = sourcecode.c.h; path = SVNOperation.h; sourceTree = "<group>"; };
		9E9D5414199682CB006C1DB6 /* SVNOperation.m */ = {isa = PBXFileReference; fileEncoding = 4; lastKnownFileType = sourcecode.c.objc; path = SVNOperation.m; sourceTree = "<group>"; };
		9E9D541719968305006C1DB6 /* SVNCheckoutOperation.h */ = {isa = PBXFileReference; fileEncoding = 4; lastKnownFileType = sourcecode.c.h; path = SVNCheckoutOperation.h; sourceTree = "<group>"; };
		9E9D541819968305006C1DB6 /* SVNCheckoutOperation.m */ = {isa = PBXFileReference; fileEncoding = 4; lastKnownFileType = sourcecode.c.objc; path = SVNCheckoutOperation.m; sourceTree = "<group>"; };
		9E9D541B1996841E006C1DB6 /* SVNRevision.h */ = {isa = PBXFileReference; fileEncoding = 4; lastKnownFileType = sourcecode.c.h; path = SVNRevision.h; sourceTree = "<group>"; };
		9E9D541C1996841E006C1DB6 /* SVNRevision.m */ = {isa = PBXFileReference; fileEncoding = 4; lastKnownFileType = sourcecode.c.objc; path = SVNRevision.m; sourceTree = "<group>"; };
		9E9D541F199685D1006C1DB6 /* SVNError.h */ = {isa = PBXFileReference; fileEncoding = 4; lastKnownFileType = sourcecode.c.h; path = SVNError.h; sourceTree = "<group>"; };
		9E9D5420199685D1006C1DB6 /* SVNError.m */ = {isa = PBXFileReference; fileEncoding = 4; lastKnownFileType = sourcecode.c.objc; path = SVNError.m; sourceTree = "<group>"; };
		CDEFCD7B1996AB930080F22C /* SVNNotification.h */ = {isa = PBXFileReference; fileEncoding = 4; lastKnownFileType = sourcecode.c.h; path = SVNNotification.h; sourceTree = "<group>"; };
		CDEFCD7C1996AB930080F22C /* SVNNotification.m */ = {isa = PBXFileReference; fileEncoding = 4; lastKnownFileType = sourcecode.c.objc; path = SVNNotification.m; sourceTree = "<group>"; };
		CDEFCD801996B3EE0080F22C /* SVNAuthenticationProvider.h */ = {isa = PBXFileReference; fileEncoding = 4; lastKnownFileType = sourcecode.c.h; path = SVNAuthenticationProvider.h; sourceTree = "<group>"; };
		CDEFCD811996B3EE0080F22C /* SVNAuthenticationProvider.m */ = {isa = PBXFileReference; fileEncoding = 4; lastKnownFileType = sourcecode.c.objc; path = SVNAuthenticationProvider.m; sourceTree = "<group>"; };
		CDEFCD841996BA680080F22C /* SVNAuthenticationCredentials.h */ = {isa = PBXFileReference; fileEncoding = 4; lastKnownFileType = sourcecode.c.h; path = SVNAuthenticationCredentials.h; sourceTree = "<group>"; };
		CDEFCD851996BA680080F22C /* SVNAuthenticationCredentials.m */ = {isa = PBXFileReference; fileEncoding = 4; lastKnownFileType = sourcecode.c.objc; path = SVNAuthenticationCredentials.m; sourceTree = "<group>"; };
		CDEFCD881996DA530080F22C /* SVNListOperation.h */ = {isa = PBXFileReference; fileEncoding = 4; lastKnownFileType = sourcecode.c.h; path = SVNListOperation.h; sourceTree = "<group>"; };
		CDEFCD891996DA530080F22C /* SVNListOperation.m */ = {isa = PBXFileReference; fileEncoding = 4; lastKnownFileType = sourcecode.c.objc; path = SVNListOperation.m; sourceTree = "<group>"; };
		CDEFCD8C1996DE120080F22C /* SVNDirectoryEntry.h */ = {isa = PBXFileReference; fileEncoding = 4; lastKnownFileType = sourcecode.c.h; path = SVNDirectoryEntry.h; sourceTree = "<group>"; };
		CDEFCD8D1996DE120080F22C /* SVNDirectoryEntry.m */ = {isa = PBXFileReference; fileEncoding = 4; lastKnownFileType = sourcecode.c.objc; path = SVNDirectoryEntry.m; sourceTree = "<group>"; };
		CDEFCD901996E47C0080F22C /* SVNStatusOperation.h */ = {isa = PBXFileReference; fileEncoding = 4; lastKnownFileType = sourcecode.c.h; path = SVNStatusOperation.h; sourceTree = "<group>"; };
		CDEFCD911996E47C0080F22C /* SVNStatusOperation.m */ = {isa = PBXFileReference; fileEncoding = 4; lastKnownFileType = sourcecode.c.objc; path = SVNStatusOperation.m; sourceTree = "<group>"; };
		CDEFCD941996E81D0080F22C /* SVNStatus.h */ = {isa = PBXFileReference; fileEncoding = 4; lastKnownFileType = sourcecode.c.h; path = SVNStatus.h; sourceTree = "<group>"; };
		CDEFCD951996E81D0080F22C /* SVNStatus.m */ = {isa = PBXFileReference; fileEncoding = 4; lastKnownFileType = sourcecode.c.objc; path = SVNStatus.m; sourceTree = "<group>"; };
		CDEFCD981996F4360080F22C /* SVNInfoOperation.h */ = {isa = PBXFileReference; fileEncoding = 4; lastKnownFileType = sourcecode.c.h; path = SVNInfoOperation.h; sourceTree = "<group>"; };
		CDEFCD991996F4360080F22C /* SVNInfoOperation.m */ = {isa = PBXFileReference; fileEncoding = 4; lastKnownFileType = sourcecode.c.objc; path = SVNInfoOperation.m; sourceTree = "<group>"; };
		CDEFCD9C1996F4AA0080F22C /* SVNInfo.h */ = {isa = PBXFileReference; fileEncoding = 4; lastKnownFileType = sourcecode.c.h; path = SVNInfo.h; sourceTree = "<group>"; };
		CDEFCD9D1996F4AA0080F22C /* SVNInfo.m */ = {isa = PBXFileReference; fileEncoding = 4; lastKnownFileType = sourcecode.c.objc; path = SVNInfo.m; sourceTree = "<group>"; };
/* End PBXFileReference section */

/* Begin PBXFrameworksBuildPhase section */
		9E9D53D119967455006C1DB6 /* Frameworks */ = {
			isa = PBXFrameworksBuildPhase;
			buildActionMask = 2147483647;
			files = (
				9E9D53D919967455006C1DB6 /* Cocoa.framework in Frameworks */,
			);
			runOnlyForDeploymentPostprocessing = 0;
		};
		9E9D53E919967456006C1DB6 /* Frameworks */ = {
			isa = PBXFrameworksBuildPhase;
			buildActionMask = 2147483647;
			files = (
				9E9D53EF19967456006C1DB6 /* Cocoa.framework in Frameworks */,
				9E9D53EE19967456006C1DB6 /* XCTest.framework in Frameworks */,
				9E9D53F219967456006C1DB6 /* SVNKit.framework in Frameworks */,
			);
			runOnlyForDeploymentPostprocessing = 0;
		};
/* End PBXFrameworksBuildPhase section */

/* Begin PBXGroup section */
		9E9D53CB19967455006C1DB6 = {
			isa = PBXGroup;
			children = (
				9E9D53DE19967455006C1DB6 /* SVNKit */,
				9E9D53F319967456006C1DB6 /* SVNKitTests */,
				9E9D53D719967455006C1DB6 /* Frameworks */,
				9E9D53D619967455006C1DB6 /* Products */,
			);
			sourceTree = "<group>";
		};
		9E9D53D619967455006C1DB6 /* Products */ = {
			isa = PBXGroup;
			children = (
				9E9D53D519967455006C1DB6 /* SVNKit.framework */,
				9E9D53EC19967456006C1DB6 /* SVNKitTests.xctest */,
			);
			name = Products;
			sourceTree = "<group>";
		};
		9E9D53D719967455006C1DB6 /* Frameworks */ = {
			isa = PBXGroup;
			children = (
				9E9D53D819967455006C1DB6 /* Cocoa.framework */,
				9E9D53ED19967456006C1DB6 /* XCTest.framework */,
				9E9D53DA19967455006C1DB6 /* Other Frameworks */,
			);
			name = Frameworks;
			sourceTree = "<group>";
		};
		9E9D53DA19967455006C1DB6 /* Other Frameworks */ = {
			isa = PBXGroup;
			children = (
				9E9D53DB19967455006C1DB6 /* Foundation.framework */,
				9E9D53DC19967455006C1DB6 /* CoreData.framework */,
				9E9D53DD19967455006C1DB6 /* AppKit.framework */,
			);
			name = "Other Frameworks";
			sourceTree = "<group>";
		};
		9E9D53DE19967455006C1DB6 /* SVNKit */ = {
			isa = PBXGroup;
			children = (
				CDEFCD7F1996B3120080F22C /* Authentication */,
				9E9D54121996828F006C1DB6 /* Operations */,
				9E9D54051996762B006C1DB6 /* APR */,
				9E9D540419967618006C1DB6 /* Model */,
				9E9D53E519967456006C1DB6 /* SVNKit.h */,
				9E9D53E619967456006C1DB6 /* SVNKit.m */,
				9E9D53DF19967455006C1DB6 /* Supporting Files */,
				9E9D540E19967E29006C1DB6 /* SVNClient.h */,
				9E9D540F19967E29006C1DB6 /* SVNClient.m */,
			);
			path = SVNKit;
			sourceTree = "<group>";
		};
		9E9D53DF19967455006C1DB6 /* Supporting Files */ = {
			isa = PBXGroup;
			children = (
				9E9D53E019967455006C1DB6 /* SVNKit-Info.plist */,
				9E9D53E119967455006C1DB6 /* InfoPlist.strings */,
				9E9D53E419967455006C1DB6 /* SVNKit-Prefix.pch */,
			);
			name = "Supporting Files";
			sourceTree = "<group>";
		};
		9E9D53F319967456006C1DB6 /* SVNKitTests */ = {
			isa = PBXGroup;
			children = (
				9E9D53F919967456006C1DB6 /* SVNKitTests.m */,
				9E9D53F419967456006C1DB6 /* Supporting Files */,
			);
			path = SVNKitTests;
			sourceTree = "<group>";
		};
		9E9D53F419967456006C1DB6 /* Supporting Files */ = {
			isa = PBXGroup;
			children = (
				9E9D53F519967456006C1DB6 /* SVNKitTests-Info.plist */,
				9E9D53F619967456006C1DB6 /* InfoPlist.strings */,
			);
			name = "Supporting Files";
			sourceTree = "<group>";
		};
		9E9D540419967618006C1DB6 /* Model */ = {
			isa = PBXGroup;
			children = (
				9E9D541B1996841E006C1DB6 /* SVNRevision.h */,
				9E9D541C1996841E006C1DB6 /* SVNRevision.m */,
				9E9D541F199685D1006C1DB6 /* SVNError.h */,
				9E9D5420199685D1006C1DB6 /* SVNError.m */,
				CDEFCD7B1996AB930080F22C /* SVNNotification.h */,
				CDEFCD7C1996AB930080F22C /* SVNNotification.m */,
				CDEFCD8C1996DE120080F22C /* SVNDirectoryEntry.h */,
				CDEFCD8D1996DE120080F22C /* SVNDirectoryEntry.m */,
				CDEFCD941996E81D0080F22C /* SVNStatus.h */,
				CDEFCD951996E81D0080F22C /* SVNStatus.m */,
				CDEFCD9C1996F4AA0080F22C /* SVNInfo.h */,
				CDEFCD9D1996F4AA0080F22C /* SVNInfo.m */,
			);
			name = Model;
			sourceTree = "<group>";
		};
		9E9D54051996762B006C1DB6 /* APR */ = {
			isa = PBXGroup;
			children = (
				9E9D54061996765B006C1DB6 /* APRManager.h */,
				9E9D54071996765B006C1DB6 /* APRManager.m */,
				9E9D540A199677AB006C1DB6 /* APRPool.h */,
				9E9D540B199677AB006C1DB6 /* APRPool.m */,
			);
			name = APR;
			sourceTree = "<group>";
		};
		9E9D54121996828F006C1DB6 /* Operations */ = {
			isa = PBXGroup;
			children = (
				9E9D5413199682CB006C1DB6 /* SVNOperation.h */,
				9E9D5414199682CB006C1DB6 /* SVNOperation.m */,
				9E9D541719968305006C1DB6 /* SVNCheckoutOperation.h */,
				9E9D541819968305006C1DB6 /* SVNCheckoutOperation.m */,
				CDEFCD881996DA530080F22C /* SVNListOperation.h */,
				CDEFCD891996DA530080F22C /* SVNListOperation.m */,
				CDEFCD901996E47C0080F22C /* SVNStatusOperation.h */,
				CDEFCD911996E47C0080F22C /* SVNStatusOperation.m */,
				CDEFCD981996F4360080F22C /* SVNInfoOperation.h */,
				CDEFCD991996F4360080F22C /* SVNInfoOperation.m */,
			);
			name = Operations;
			sourceTree = "<group>";
		};
		CDEFCD7F1996B3120080F22C /* Authentication */ = {
			isa = PBXGroup;
			children = (
				CDEFCD801996B3EE0080F22C /* SVNAuthenticationProvider.h */,
				CDEFCD811996B3EE0080F22C /* SVNAuthenticationProvider.m */,
				CDEFCD841996BA680080F22C /* SVNAuthenticationCredentials.h */,
				CDEFCD851996BA680080F22C /* SVNAuthenticationCredentials.m */,
			);
			name = Authentication;
			sourceTree = "<group>";
		};
/* End PBXGroup section */

/* Begin PBXHeadersBuildPhase section */
		9E9D53D219967455006C1DB6 /* Headers */ = {
			isa = PBXHeadersBuildPhase;
			buildActionMask = 2147483647;
			files = (
				CDEFCD961996E81D0080F22C /* SVNStatus.h in Headers */,
				9E9D5415199682CB006C1DB6 /* SVNOperation.h in Headers */,
				CDEFCD9E1996F4AA0080F22C /* SVNInfo.h in Headers */,
				9E9D541D1996841E006C1DB6 /* SVNRevision.h in Headers */,
				9E9D541019967E29006C1DB6 /* SVNClient.h in Headers */,
				CDEFCD8E1996DE120080F22C /* SVNDirectoryEntry.h in Headers */,
				CDEFCD9A1996F4360080F22C /* SVNInfoOperation.h in Headers */,
				CDEFCD861996BA680080F22C /* SVNAuthenticationCredentials.h in Headers */,
				9E9D541919968305006C1DB6 /* SVNCheckoutOperation.h in Headers */,
				9E9D540C199677AB006C1DB6 /* APRPool.h in Headers */,
				CDEFCD921996E47C0080F22C /* SVNStatusOperation.h in Headers */,
				CDEFCD821996B3EE0080F22C /* SVNAuthenticationProvider.h in Headers */,
				CDEFCD7D1996AB930080F22C /* SVNNotification.h in Headers */,
				CDEFCD8A1996DA530080F22C /* SVNListOperation.h in Headers */,
				9E9D5421199685D1006C1DB6 /* SVNError.h in Headers */,
				9E9D54081996765B006C1DB6 /* APRManager.h in Headers */,
			);
			runOnlyForDeploymentPostprocessing = 0;
		};
/* End PBXHeadersBuildPhase section */

/* Begin PBXNativeTarget section */
		9E9D53D419967455006C1DB6 /* SVNKit */ = {
			isa = PBXNativeTarget;
			buildConfigurationList = 9E9D53FD19967456006C1DB6 /* Build configuration list for PBXNativeTarget "SVNKit" */;
			buildPhases = (
				9E9D53D019967455006C1DB6 /* Sources */,
				9E9D53D119967455006C1DB6 /* Frameworks */,
				9E9D53D219967455006C1DB6 /* Headers */,
				9E9D53D319967455006C1DB6 /* Resources */,
			);
			buildRules = (
			);
			dependencies = (
			);
			name = SVNKit;
			productName = SVNKit;
			productReference = 9E9D53D519967455006C1DB6 /* SVNKit.framework */;
			productType = "com.apple.product-type.framework";
		};
		9E9D53EB19967456006C1DB6 /* SVNKitTests */ = {
			isa = PBXNativeTarget;
			buildConfigurationList = 9E9D540019967456006C1DB6 /* Build configuration list for PBXNativeTarget "SVNKitTests" */;
			buildPhases = (
				9E9D53E819967456006C1DB6 /* Sources */,
				9E9D53E919967456006C1DB6 /* Frameworks */,
				9E9D53EA19967456006C1DB6 /* Resources */,
			);
			buildRules = (
			);
			dependencies = (
				9E9D53F119967456006C1DB6 /* PBXTargetDependency */,
			);
			name = SVNKitTests;
			productName = SVNKitTests;
			productReference = 9E9D53EC19967456006C1DB6 /* SVNKitTests.xctest */;
			productType = "com.apple.product-type.bundle.unit-test";
		};
/* End PBXNativeTarget section */

/* Begin PBXProject section */
		9E9D53CC19967455006C1DB6 /* Project object */ = {
			isa = PBXProject;
			attributes = {
				LastUpgradeCheck = 0510;
				ORGANIZATIONNAME = Epic;
				TargetAttributes = {
					9E9D53EB19967456006C1DB6 = {
						TestTargetID = 9E9D53D419967455006C1DB6;
					};
				};
			};
			buildConfigurationList = 9E9D53CF19967455006C1DB6 /* Build configuration list for PBXProject "SVNKit" */;
			compatibilityVersion = "Xcode 3.2";
			developmentRegion = English;
			hasScannedForEncodings = 0;
			knownRegions = (
				en,
			);
			mainGroup = 9E9D53CB19967455006C1DB6;
			productRefGroup = 9E9D53D619967455006C1DB6 /* Products */;
			projectDirPath = "";
			projectRoot = "";
			targets = (
				9E9D53D419967455006C1DB6 /* SVNKit */,
				9E9D53EB19967456006C1DB6 /* SVNKitTests */,
			);
		};
/* End PBXProject section */

/* Begin PBXResourcesBuildPhase section */
		9E9D53D319967455006C1DB6 /* Resources */ = {
			isa = PBXResourcesBuildPhase;
			buildActionMask = 2147483647;
			files = (
				9E9D53E319967455006C1DB6 /* InfoPlist.strings in Resources */,
			);
			runOnlyForDeploymentPostprocessing = 0;
		};
		9E9D53EA19967456006C1DB6 /* Resources */ = {
			isa = PBXResourcesBuildPhase;
			buildActionMask = 2147483647;
			files = (
				9E9D53F819967456006C1DB6 /* InfoPlist.strings in Resources */,
			);
			runOnlyForDeploymentPostprocessing = 0;
		};
/* End PBXResourcesBuildPhase section */

/* Begin PBXSourcesBuildPhase section */
		9E9D53D019967455006C1DB6 /* Sources */ = {
			isa = PBXSourcesBuildPhase;
			buildActionMask = 2147483647;
			files = (
				CDEFCD8F1996DE120080F22C /* SVNDirectoryEntry.m in Sources */,
				CDEFCD9B1996F4360080F22C /* SVNInfoOperation.m in Sources */,
				9E9D5416199682CB006C1DB6 /* SVNOperation.m in Sources */,
				9E9D541119967E29006C1DB6 /* SVNClient.m in Sources */,
				9E9D53E719967456006C1DB6 /* SVNKit.m in Sources */,
				9E9D541A19968305006C1DB6 /* SVNCheckoutOperation.m in Sources */,
				9E9D540D199677AB006C1DB6 /* APRPool.m in Sources */,
				CDEFCD8B1996DA530080F22C /* SVNListOperation.m in Sources */,
				CDEFCD931996E47C0080F22C /* SVNStatusOperation.m in Sources */,
				9E9D54091996765B006C1DB6 /* APRManager.m in Sources */,
				CDEFCD9F1996F4AA0080F22C /* SVNInfo.m in Sources */,
				CDEFCD831996B3EE0080F22C /* SVNAuthenticationProvider.m in Sources */,
				CDEFCD7E1996AB930080F22C /* SVNNotification.m in Sources */,
				9E9D5422199685D1006C1DB6 /* SVNError.m in Sources */,
				CDEFCD871996BA680080F22C /* SVNAuthenticationCredentials.m in Sources */,
				CDEFCD971996E81D0080F22C /* SVNStatus.m in Sources */,
				9E9D541E1996841E006C1DB6 /* SVNRevision.m in Sources */,
			);
			runOnlyForDeploymentPostprocessing = 0;
		};
		9E9D53E819967456006C1DB6 /* Sources */ = {
			isa = PBXSourcesBuildPhase;
			buildActionMask = 2147483647;
			files = (
				9E9D53FA19967456006C1DB6 /* SVNKitTests.m in Sources */,
			);
			runOnlyForDeploymentPostprocessing = 0;
		};
/* End PBXSourcesBuildPhase section */

/* Begin PBXTargetDependency section */
		9E9D53F119967456006C1DB6 /* PBXTargetDependency */ = {
			isa = PBXTargetDependency;
			target = 9E9D53D419967455006C1DB6 /* SVNKit */;
			targetProxy = 9E9D53F019967456006C1DB6 /* PBXContainerItemProxy */;
		};
/* End PBXTargetDependency section */

/* Begin PBXVariantGroup section */
		9E9D53E119967455006C1DB6 /* InfoPlist.strings */ = {
			isa = PBXVariantGroup;
			children = (
				9E9D53E219967455006C1DB6 /* en */,
			);
			name = InfoPlist.strings;
			sourceTree = "<group>";
		};
		9E9D53F619967456006C1DB6 /* InfoPlist.strings */ = {
			isa = PBXVariantGroup;
			children = (
				9E9D53F719967456006C1DB6 /* en */,
			);
			name = InfoPlist.strings;
			sourceTree = "<group>";
		};
/* End PBXVariantGroup section */

/* Begin XCBuildConfiguration section */
		9E9D53FB19967456006C1DB6 /* Debug */ = {
			isa = XCBuildConfiguration;
			buildSettings = {
				ALWAYS_SEARCH_USER_PATHS = NO;
				CLANG_CXX_LANGUAGE_STANDARD = "gnu++0x";
				CLANG_CXX_LIBRARY = "libc++";
				CLANG_ENABLE_MODULES = YES;
				CLANG_ENABLE_OBJC_ARC = YES;
				CLANG_WARN_BOOL_CONVERSION = YES;
				CLANG_WARN_CONSTANT_CONVERSION = YES;
				CLANG_WARN_DIRECT_OBJC_ISA_USAGE = YES_ERROR;
				CLANG_WARN_EMPTY_BODY = YES;
				CLANG_WARN_ENUM_CONVERSION = YES;
				CLANG_WARN_INT_CONVERSION = YES;
				CLANG_WARN_OBJC_ROOT_CLASS = YES_ERROR;
				CLANG_WARN__DUPLICATE_METHOD_MATCH = YES;
				COPY_PHASE_STRIP = NO;
				GCC_C_LANGUAGE_STANDARD = gnu99;
				GCC_DYNAMIC_NO_PIC = NO;
				GCC_ENABLE_OBJC_EXCEPTIONS = YES;
				GCC_OPTIMIZATION_LEVEL = 0;
				GCC_PREPROCESSOR_DEFINITIONS = (
					"DEBUG=1",
					"$(inherited)",
				);
				GCC_SYMBOLS_PRIVATE_EXTERN = NO;
				GCC_WARN_64_TO_32_BIT_CONVERSION = YES;
				GCC_WARN_ABOUT_RETURN_TYPE = YES_ERROR;
				GCC_WARN_UNDECLARED_SELECTOR = YES;
				GCC_WARN_UNINITIALIZED_AUTOS = YES_AGGRESSIVE;
				GCC_WARN_UNUSED_FUNCTION = YES;
				GCC_WARN_UNUSED_VARIABLE = YES;
				MACOSX_DEPLOYMENT_TARGET = 10.9;
				ONLY_ACTIVE_ARCH = YES;
				SDKROOT = macosx;
			};
			name = Debug;
		};
		9E9D53FC19967456006C1DB6 /* Release */ = {
			isa = XCBuildConfiguration;
			buildSettings = {
				ALWAYS_SEARCH_USER_PATHS = NO;
				CLANG_CXX_LANGUAGE_STANDARD = "gnu++0x";
				CLANG_CXX_LIBRARY = "libc++";
				CLANG_ENABLE_MODULES = YES;
				CLANG_ENABLE_OBJC_ARC = YES;
				CLANG_WARN_BOOL_CONVERSION = YES;
				CLANG_WARN_CONSTANT_CONVERSION = YES;
				CLANG_WARN_DIRECT_OBJC_ISA_USAGE = YES_ERROR;
				CLANG_WARN_EMPTY_BODY = YES;
				CLANG_WARN_ENUM_CONVERSION = YES;
				CLANG_WARN_INT_CONVERSION = YES;
				CLANG_WARN_OBJC_ROOT_CLASS = YES_ERROR;
				CLANG_WARN__DUPLICATE_METHOD_MATCH = YES;
				COPY_PHASE_STRIP = YES;
				DEBUG_INFORMATION_FORMAT = "dwarf-with-dsym";
				ENABLE_NS_ASSERTIONS = NO;
				GCC_C_LANGUAGE_STANDARD = gnu99;
				GCC_ENABLE_OBJC_EXCEPTIONS = YES;
				GCC_WARN_64_TO_32_BIT_CONVERSION = YES;
				GCC_WARN_ABOUT_RETURN_TYPE = YES_ERROR;
				GCC_WARN_UNDECLARED_SELECTOR = YES;
				GCC_WARN_UNINITIALIZED_AUTOS = YES_AGGRESSIVE;
				GCC_WARN_UNUSED_FUNCTION = YES;
				GCC_WARN_UNUSED_VARIABLE = YES;
				MACOSX_DEPLOYMENT_TARGET = 10.9;
				SDKROOT = macosx;
			};
			name = Release;
		};
		9E9D53FE19967456006C1DB6 /* Debug */ = {
			isa = XCBuildConfiguration;
			buildSettings = {
				COMBINE_HIDPI_IMAGES = YES;
				DYLIB_COMPATIBILITY_VERSION = 1;
				DYLIB_CURRENT_VERSION = 1;
				FRAMEWORK_VERSION = A;
				GCC_PRECOMPILE_PREFIX_HEADER = YES;
				GCC_PREFIX_HEADER = "SVNKit/SVNKit-Prefix.pch";
				HEADER_SEARCH_PATHS = (
					"$(inherited)",
					"/opt/local/include/apr-1",
					"/opt/local/include/subversion-1",
					/Applications/Xcode.app/Contents/Developer/Toolchains/XcodeDefault.xctoolchain/usr/include,
				);
				INFOPLIST_FILE = "SVNKit/SVNKit-Info.plist";
				LIBRARY_SEARCH_PATHS = /opt/local/lib;
				OTHER_LDFLAGS = (
					"-lapr-1",
					"-lsvn_client-1",
					"-lsvn_wc-1",
					"-lsvn_fs-1",
					"-lsvn_subr-1",
				);
				PRODUCT_NAME = "$(TARGET_NAME)";
				WRAPPER_EXTENSION = framework;
			};
			name = Debug;
		};
		9E9D53FF19967456006C1DB6 /* Release */ = {
			isa = XCBuildConfiguration;
			buildSettings = {
				COMBINE_HIDPI_IMAGES = YES;
				DYLIB_COMPATIBILITY_VERSION = 1;
				DYLIB_CURRENT_VERSION = 1;
				FRAMEWORK_VERSION = A;
				GCC_PRECOMPILE_PREFIX_HEADER = YES;
				GCC_PREFIX_HEADER = "SVNKit/SVNKit-Prefix.pch";
				HEADER_SEARCH_PATHS = (
					"$(inherited)",
					"/opt/local/include/apr-1",
					"/opt/local/include/subversion-1",
					/Applications/Xcode.app/Contents/Developer/Toolchains/XcodeDefault.xctoolchain/usr/include,
				);
				INFOPLIST_FILE = "SVNKit/SVNKit-Info.plist";
				LIBRARY_SEARCH_PATHS = /opt/local/lib;
				OTHER_LDFLAGS = (
					"-lapr-1",
					"-lsvn_client-1",
					"-lsvn_wc-1",
					"-lsvn_fs-1",
					"-lsvn_subr-1",
				);
				PRODUCT_NAME = "$(TARGET_NAME)";
				WRAPPER_EXTENSION = framework;
			};
			name = Release;
		};
		9E9D540119967456006C1DB6 /* Debug */ = {
			isa = XCBuildConfiguration;
			buildSettings = {
				BUNDLE_LOADER = "$(BUILT_PRODUCTS_DIR)/SVNKit.framework/Versions/A/SVNKit";
				COMBINE_HIDPI_IMAGES = YES;
				FRAMEWORK_SEARCH_PATHS = (
					"$(DEVELOPER_FRAMEWORKS_DIR)",
					"$(inherited)",
				);
				GCC_PRECOMPILE_PREFIX_HEADER = YES;
				GCC_PREFIX_HEADER = "SVNKit/SVNKit-Prefix.pch";
				GCC_PREPROCESSOR_DEFINITIONS = (
					"DEBUG=1",
					"$(inherited)",
				);
				INFOPLIST_FILE = "SVNKitTests/SVNKitTests-Info.plist";
				PRODUCT_NAME = "$(TARGET_NAME)";
				TEST_HOST = "$(BUNDLE_LOADER)";
				WRAPPER_EXTENSION = xctest;
			};
			name = Debug;
		};
		9E9D540219967456006C1DB6 /* Release */ = {
			isa = XCBuildConfiguration;
			buildSettings = {
				BUNDLE_LOADER = "$(BUILT_PRODUCTS_DIR)/SVNKit.framework/Versions/A/SVNKit";
				COMBINE_HIDPI_IMAGES = YES;
				FRAMEWORK_SEARCH_PATHS = (
					"$(DEVELOPER_FRAMEWORKS_DIR)",
					"$(inherited)",
				);
				GCC_PRECOMPILE_PREFIX_HEADER = YES;
				GCC_PREFIX_HEADER = "SVNKit/SVNKit-Prefix.pch";
				INFOPLIST_FILE = "SVNKitTests/SVNKitTests-Info.plist";
				PRODUCT_NAME = "$(TARGET_NAME)";
				TEST_HOST = "$(BUNDLE_LOADER)";
				WRAPPER_EXTENSION = xctest;
			};
			name = Release;
		};
/* End XCBuildConfiguration section */

/* Begin XCConfigurationList section */
		9E9D53CF19967455006C1DB6 /* Build configuration list for PBXProject "SVNKit" */ = {
			isa = XCConfigurationList;
			buildConfigurations = (
				9E9D53FB19967456006C1DB6 /* Debug */,
				9E9D53FC19967456006C1DB6 /* Release */,
			);
			defaultConfigurationIsVisible = 0;
			defaultConfigurationName = Release;
		};
		9E9D53FD19967456006C1DB6 /* Build configuration list for PBXNativeTarget "SVNKit" */ = {
			isa = XCConfigurationList;
			buildConfigurations = (
				9E9D53FE19967456006C1DB6 /* Debug */,
				9E9D53FF19967456006C1DB6 /* Release */,
			);
			defaultConfigurationIsVisible = 0;
			defaultConfigurationName = Release;
		};
		9E9D540019967456006C1DB6 /* Build configuration list for PBXNativeTarget "SVNKitTests" */ = {
			isa = XCConfigurationList;
			buildConfigurations = (
				9E9D540119967456006C1DB6 /* Debug */,
				9E9D540219967456006C1DB6 /* Release */,
			);
			defaultConfigurationIsVisible = 0;
			defaultConfigurationName = Release;
		};
/* End XCConfigurationList section */
	};
	rootObject = 9E9D53CC19967455006C1DB6 /* Project object */;
}
